// !$*UTF8*$!
{
	archiveVersion = 1;
	classes = {
	};
	objectVersion = 55;
	objects = {

/* Begin PBXBuildFile section */
		2823514F27D3AB94002D4803 /* DetailViewController.swift in Sources */ = {isa = PBXBuildFile; fileRef = 2823514E27D3AB94002D4803 /* DetailViewController.swift */; };
		2823515227D3B3F4002D4803 /* Realm in Frameworks */ = {isa = PBXBuildFile; productRef = 2823515127D3B3F4002D4803 /* Realm */; };
		2823515427D3B3F4002D4803 /* RealmSwift in Frameworks */ = {isa = PBXBuildFile; productRef = 2823515327D3B3F4002D4803 /* RealmSwift */; };
		28710B7627D45374009A1D17 /* GlobalFunctions.swift in Sources */ = {isa = PBXBuildFile; fileRef = 28710B7527D45374009A1D17 /* GlobalFunctions.swift */; };
		28710B7827D45E6F009A1D17 /* RecordItem.swift in Sources */ = {isa = PBXBuildFile; fileRef = 28710B7727D45E6E009A1D17 /* RecordItem.swift */; };
		28710B7A27D46157009A1D17 /* MapMarker.swift in Sources */ = {isa = PBXBuildFile; fileRef = 28710B7927D46157009A1D17 /* MapMarker.swift */; };
		28710B7D27D46B89009A1D17 /* FSCalendar in Frameworks */ = {isa = PBXBuildFile; productRef = 28710B7C27D46B89009A1D17 /* FSCalendar */; };
		28710B8727D471B0009A1D17 /* CalendarViewController.swift in Sources */ = {isa = PBXBuildFile; fileRef = 28710B8627D471B0009A1D17 /* CalendarViewController.swift */; };
		28710B8A27D47263009A1D17 /* Constants.swift in Sources */ = {isa = PBXBuildFile; fileRef = 28710B8927D47263009A1D17 /* Constants.swift */; };
		28710B8C27D47453009A1D17 /* CalendarViewController+Extension.swift in Sources */ = {isa = PBXBuildFile; fileRef = 28710B8B27D47453009A1D17 /* CalendarViewController+Extension.swift */; };
		28710B9027D4BE46009A1D17 /* DetailViewController+Extension.swift in Sources */ = {isa = PBXBuildFile; fileRef = 28710B8F27D4BE46009A1D17 /* DetailViewController+Extension.swift */; };
		28720B6927D041A6001A1EAB /* AppDelegate.swift in Sources */ = {isa = PBXBuildFile; fileRef = 28720B6827D041A6001A1EAB /* AppDelegate.swift */; };
		28720B6B27D041A6001A1EAB /* SceneDelegate.swift in Sources */ = {isa = PBXBuildFile; fileRef = 28720B6A27D041A6001A1EAB /* SceneDelegate.swift */; };
		28720B6D27D041A6001A1EAB /* ViewController.swift in Sources */ = {isa = PBXBuildFile; fileRef = 28720B6C27D041A6001A1EAB /* ViewController.swift */; };
		28720B7027D041A6001A1EAB /* Main.storyboard in Resources */ = {isa = PBXBuildFile; fileRef = 28720B6E27D041A6001A1EAB /* Main.storyboard */; };
		28720B7227D041A7001A1EAB /* Assets.xcassets in Resources */ = {isa = PBXBuildFile; fileRef = 28720B7127D041A7001A1EAB /* Assets.xcassets */; };
		28720B7527D041A7001A1EAB /* LaunchScreen.storyboard in Resources */ = {isa = PBXBuildFile; fileRef = 28720B7327D041A7001A1EAB /* LaunchScreen.storyboard */; };
		28720B8827D0421A001A1EAB /* Extension.swift in Sources */ = {isa = PBXBuildFile; fileRef = 28720B8727D0421A001A1EAB /* Extension.swift */; };
		2872B8EE27D89953006CC081 /* TabbarController.swift in Sources */ = {isa = PBXBuildFile; fileRef = 2872B8ED27D89953006CC081 /* TabbarController.swift */; };
		2872B8F027D89C42006CC081 /* SettingTableViewController.swift in Sources */ = {isa = PBXBuildFile; fileRef = 2872B8EF27D89C42006CC081 /* SettingTableViewController.swift */; };
		2872B8F227D8B0FA006CC081 /* Global.swift in Sources */ = {isa = PBXBuildFile; fileRef = 2872B8F127D8B0FA006CC081 /* Global.swift */; };
		2872B8F427D8B383006CC081 /* SettingTableViewController+Extension.swift in Sources */ = {isa = PBXBuildFile; fileRef = 2872B8F327D8B383006CC081 /* SettingTableViewController+Extension.swift */; };
		2872B8F927D8B4B4006CC081 /* SettingTableViewCell.swift in Sources */ = {isa = PBXBuildFile; fileRef = 2872B8F827D8B4B4006CC081 /* SettingTableViewCell.swift */; };
		2872B8FC27D8D796006CC081 /* ProgressHUD in Frameworks */ = {isa = PBXBuildFile; productRef = 2872B8FB27D8D796006CC081 /* ProgressHUD */; };
		288EC01E27D06C83000171DE /* MainViewController.swift in Sources */ = {isa = PBXBuildFile; fileRef = 288EC01D27D06C83000171DE /* MainViewController.swift */; };
		288EC02027D06FB2000171DE /* MainViewController+Extension.swift in Sources */ = {isa = PBXBuildFile; fileRef = 288EC01F27D06FB2000171DE /* MainViewController+Extension.swift */; };
		288EC02327D06FD8000171DE /* SnapKit in Frameworks */ = {isa = PBXBuildFile; productRef = 288EC02227D06FD8000171DE /* SnapKit */; };
		288EC02527D07855000171DE /* Record.swift in Sources */ = {isa = PBXBuildFile; fileRef = 288EC02427D07855000171DE /* Record.swift */; };
		288EC02927D08634000171DE /* MainTableViewCell.swift in Sources */ = {isa = PBXBuildFile; fileRef = 288EC02827D08634000171DE /* MainTableViewCell.swift */; };
		28FE9A2027DE104000664DBB /* LocationManager.swift in Sources */ = {isa = PBXBuildFile; fileRef = 28FE9A1F27DE104000664DBB /* LocationManager.swift */; };
		28FE9A2227DE1F9100664DBB /* RealmManager.swift in Sources */ = {isa = PBXBuildFile; fileRef = 28FE9A2127DE1F9100664DBB /* RealmManager.swift */; };
/* End PBXBuildFile section */

/* Begin PBXFileReference section */
		2823514E27D3AB94002D4803 /* DetailViewController.swift */ = {isa = PBXFileReference; lastKnownFileType = sourcecode.swift; path = DetailViewController.swift; sourceTree = "<group>"; };
		28710B7527D45374009A1D17 /* GlobalFunctions.swift */ = {isa = PBXFileReference; lastKnownFileType = sourcecode.swift; path = GlobalFunctions.swift; sourceTree = "<group>"; };
		28710B7727D45E6E009A1D17 /* RecordItem.swift */ = {isa = PBXFileReference; lastKnownFileType = sourcecode.swift; path = RecordItem.swift; sourceTree = "<group>"; };
		28710B7927D46157009A1D17 /* MapMarker.swift */ = {isa = PBXFileReference; lastKnownFileType = sourcecode.swift; path = MapMarker.swift; sourceTree = "<group>"; };
		28710B8627D471B0009A1D17 /* CalendarViewController.swift */ = {isa = PBXFileReference; lastKnownFileType = sourcecode.swift; path = CalendarViewController.swift; sourceTree = "<group>"; };
		28710B8927D47263009A1D17 /* Constants.swift */ = {isa = PBXFileReference; lastKnownFileType = sourcecode.swift; path = Constants.swift; sourceTree = "<group>"; };
		28710B8B27D47453009A1D17 /* CalendarViewController+Extension.swift */ = {isa = PBXFileReference; lastKnownFileType = sourcecode.swift; path = "CalendarViewController+Extension.swift"; sourceTree = "<group>"; };
		28710B8F27D4BE46009A1D17 /* DetailViewController+Extension.swift */ = {isa = PBXFileReference; lastKnownFileType = sourcecode.swift; path = "DetailViewController+Extension.swift"; sourceTree = "<group>"; };
		28720B6527D041A6001A1EAB /* GooseRecoder.app */ = {isa = PBXFileReference; explicitFileType = wrapper.application; includeInIndex = 0; path = GooseRecoder.app; sourceTree = BUILT_PRODUCTS_DIR; };
		28720B6827D041A6001A1EAB /* AppDelegate.swift */ = {isa = PBXFileReference; lastKnownFileType = sourcecode.swift; path = AppDelegate.swift; sourceTree = "<group>"; };
		28720B6A27D041A6001A1EAB /* SceneDelegate.swift */ = {isa = PBXFileReference; lastKnownFileType = sourcecode.swift; path = SceneDelegate.swift; sourceTree = "<group>"; };
		28720B6C27D041A6001A1EAB /* ViewController.swift */ = {isa = PBXFileReference; lastKnownFileType = sourcecode.swift; path = ViewController.swift; sourceTree = "<group>"; };
		28720B6F27D041A6001A1EAB /* Base */ = {isa = PBXFileReference; lastKnownFileType = file.storyboard; name = Base; path = Base.lproj/Main.storyboard; sourceTree = "<group>"; };
		28720B7127D041A7001A1EAB /* Assets.xcassets */ = {isa = PBXFileReference; lastKnownFileType = folder.assetcatalog; path = Assets.xcassets; sourceTree = "<group>"; };
		28720B7427D041A7001A1EAB /* Base */ = {isa = PBXFileReference; lastKnownFileType = file.storyboard; name = Base; path = Base.lproj/LaunchScreen.storyboard; sourceTree = "<group>"; };
		28720B7627D041A7001A1EAB /* Info.plist */ = {isa = PBXFileReference; lastKnownFileType = text.plist.xml; path = Info.plist; sourceTree = "<group>"; };
		28720B8727D0421A001A1EAB /* Extension.swift */ = {isa = PBXFileReference; lastKnownFileType = sourcecode.swift; path = Extension.swift; sourceTree = "<group>"; };
		2872B8ED27D89953006CC081 /* TabbarController.swift */ = {isa = PBXFileReference; lastKnownFileType = sourcecode.swift; path = TabbarController.swift; sourceTree = "<group>"; };
		2872B8EF27D89C42006CC081 /* SettingTableViewController.swift */ = {isa = PBXFileReference; lastKnownFileType = sourcecode.swift; path = SettingTableViewController.swift; sourceTree = "<group>"; };
		2872B8F127D8B0FA006CC081 /* Global.swift */ = {isa = PBXFileReference; lastKnownFileType = sourcecode.swift; path = Global.swift; sourceTree = "<group>"; };
		2872B8F327D8B383006CC081 /* SettingTableViewController+Extension.swift */ = {isa = PBXFileReference; lastKnownFileType = sourcecode.swift; path = "SettingTableViewController+Extension.swift"; sourceTree = "<group>"; };
		2872B8F827D8B4B4006CC081 /* SettingTableViewCell.swift */ = {isa = PBXFileReference; lastKnownFileType = sourcecode.swift; path = SettingTableViewCell.swift; sourceTree = "<group>"; };
		288EC01D27D06C83000171DE /* MainViewController.swift */ = {isa = PBXFileReference; lastKnownFileType = sourcecode.swift; path = MainViewController.swift; sourceTree = "<group>"; };
		288EC01F27D06FB2000171DE /* MainViewController+Extension.swift */ = {isa = PBXFileReference; lastKnownFileType = sourcecode.swift; path = "MainViewController+Extension.swift"; sourceTree = "<group>"; };
		288EC02427D07855000171DE /* Record.swift */ = {isa = PBXFileReference; lastKnownFileType = sourcecode.swift; path = Record.swift; sourceTree = "<group>"; };
		288EC02827D08634000171DE /* MainTableViewCell.swift */ = {isa = PBXFileReference; lastKnownFileType = sourcecode.swift; path = MainTableViewCell.swift; sourceTree = "<group>"; };
		28FE9A1F27DE104000664DBB /* LocationManager.swift */ = {isa = PBXFileReference; lastKnownFileType = sourcecode.swift; path = LocationManager.swift; sourceTree = "<group>"; };
		28FE9A2127DE1F9100664DBB /* RealmManager.swift */ = {isa = PBXFileReference; lastKnownFileType = sourcecode.swift; path = RealmManager.swift; sourceTree = "<group>"; };
/* End PBXFileReference section */

/* Begin PBXFrameworksBuildPhase section */
		28720B6227D041A6001A1EAB /* Frameworks */ = {
			isa = PBXFrameworksBuildPhase;
			buildActionMask = 2147483647;
			files = (
				2872B8FC27D8D796006CC081 /* ProgressHUD in Frameworks */,
				2823515427D3B3F4002D4803 /* RealmSwift in Frameworks */,
				28710B7D27D46B89009A1D17 /* FSCalendar in Frameworks */,
				2823515227D3B3F4002D4803 /* Realm in Frameworks */,
				288EC02327D06FD8000171DE /* SnapKit in Frameworks */,
			);
			runOnlyForDeploymentPostprocessing = 0;
		};
/* End PBXFrameworksBuildPhase section */

/* Begin PBXGroup section */
		28710B8827D47205009A1D17 /* Main */ = {
			isa = PBXGroup;
			children = (
				288EC01D27D06C83000171DE /* MainViewController.swift */,
				288EC01F27D06FB2000171DE /* MainViewController+Extension.swift */,
			);
			path = Main;
			sourceTree = "<group>";
		};
		28710B8D27D47DBF009A1D17 /* Calendar */ = {
			isa = PBXGroup;
			children = (
				28710B8627D471B0009A1D17 /* CalendarViewController.swift */,
				28710B8B27D47453009A1D17 /* CalendarViewController+Extension.swift */,
			);
			path = Calendar;
			sourceTree = "<group>";
		};
		28710B8E27D47DC8009A1D17 /* Detail */ = {
			isa = PBXGroup;
			children = (
				2823514E27D3AB94002D4803 /* DetailViewController.swift */,
				28710B8F27D4BE46009A1D17 /* DetailViewController+Extension.swift */,
			);
			path = Detail;
			sourceTree = "<group>";
		};
		28720B5C27D041A6001A1EAB = {
			isa = PBXGroup;
			children = (
				28720B6727D041A6001A1EAB /* GooseRecoder */,
				28720B6627D041A6001A1EAB /* Products */,
			);
			sourceTree = "<group>";
		};
		28720B6627D041A6001A1EAB /* Products */ = {
			isa = PBXGroup;
			children = (
				28720B6527D041A6001A1EAB /* GooseRecoder.app */,
			);
			name = Products;
			sourceTree = "<group>";
		};
		28720B6727D041A6001A1EAB /* GooseRecoder */ = {
			isa = PBXGroup;
			children = (
				28720B8127D041C4001A1EAB /* Model */,
				28FE9A1D27DDF68100664DBB /* ViewModel */,
				28720B8627D041F5001A1EAB /* View */,
				28720B8527D041F3001A1EAB /* Controller */,
				28720B8427D041F1001A1EAB /* API */,
				28720B8327D041EF001A1EAB /* Utils */,
				28720B6827D041A6001A1EAB /* AppDelegate.swift */,
				28720B6A27D041A6001A1EAB /* SceneDelegate.swift */,
				28720B6C27D041A6001A1EAB /* ViewController.swift */,
				28720B6E27D041A6001A1EAB /* Main.storyboard */,
				28720B7127D041A7001A1EAB /* Assets.xcassets */,
				28720B7327D041A7001A1EAB /* LaunchScreen.storyboard */,
				28720B7627D041A7001A1EAB /* Info.plist */,
			);
			path = GooseRecoder;
			sourceTree = "<group>";
		};
		28720B8127D041C4001A1EAB /* Model */ = {
			isa = PBXGroup;
			children = (
				288EC02427D07855000171DE /* Record.swift */,
				28710B7727D45E6E009A1D17 /* RecordItem.swift */,
				28710B7927D46157009A1D17 /* MapMarker.swift */,
			);
			path = Model;
			sourceTree = "<group>";
		};
		28720B8327D041EF001A1EAB /* Utils */ = {
			isa = PBXGroup;
			children = (
				28710B8927D47263009A1D17 /* Constants.swift */,
				28720B8727D0421A001A1EAB /* Extension.swift */,
				28710B7527D45374009A1D17 /* GlobalFunctions.swift */,
				2872B8F127D8B0FA006CC081 /* Global.swift */,
			);
			path = Utils;
			sourceTree = "<group>";
		};
		28720B8427D041F1001A1EAB /* API */ = {
			isa = PBXGroup;
			children = (
				28FE9A1F27DE104000664DBB /* LocationManager.swift */,
				28FE9A2127DE1F9100664DBB /* RealmManager.swift */,
			);
			path = API;
			sourceTree = "<group>";
		};
		28720B8527D041F3001A1EAB /* Controller */ = {
			isa = PBXGroup;
			children = (
				28710B8D27D47DBF009A1D17 /* Calendar */,
				28710B8E27D47DC8009A1D17 /* Detail */,
				28710B8827D47205009A1D17 /* Main */,
				28FE9A1E27DDF69B00664DBB /* Tab */,
				2872B8F527D8B388006CC081 /* Setting */,
			);
			path = Controller;
			sourceTree = "<group>";
		};
		28720B8627D041F5001A1EAB /* View */ = {
			isa = PBXGroup;
			children = (
				2872B8F627D8B488006CC081 /* Main */,
				2872B8F727D8B494006CC081 /* Setting */,
			);
			path = View;
			sourceTree = "<group>";
		};
		2872B8F527D8B388006CC081 /* Setting */ = {
			isa = PBXGroup;
			children = (
				2872B8EF27D89C42006CC081 /* SettingTableViewController.swift */,
				2872B8F327D8B383006CC081 /* SettingTableViewController+Extension.swift */,
			);
			path = Setting;
			sourceTree = "<group>";
		};
		2872B8F627D8B488006CC081 /* Main */ = {
			isa = PBXGroup;
			children = (
				288EC02827D08634000171DE /* MainTableViewCell.swift */,
			);
			path = Main;
			sourceTree = "<group>";
		};
		2872B8F727D8B494006CC081 /* Setting */ = {
			isa = PBXGroup;
			children = (
				2872B8F827D8B4B4006CC081 /* SettingTableViewCell.swift */,
			);
			path = Setting;
			sourceTree = "<group>";
		};
		28FE9A1D27DDF68100664DBB /* ViewModel */ = {
			isa = PBXGroup;
			children = (
			);
			path = ViewModel;
			sourceTree = "<group>";
		};
		28FE9A1E27DDF69B00664DBB /* Tab */ = {
			isa = PBXGroup;
			children = (
				2872B8ED27D89953006CC081 /* TabbarController.swift */,
			);
			path = Tab;
			sourceTree = "<group>";
		};
/* End PBXGroup section */

/* Begin PBXNativeTarget section */
		28720B6427D041A6001A1EAB /* GooseRecoder */ = {
			isa = PBXNativeTarget;
			buildConfigurationList = 28720B7927D041A7001A1EAB /* Build configuration list for PBXNativeTarget "GooseRecoder" */;
			buildPhases = (
				28720B6127D041A6001A1EAB /* Sources */,
				28720B6227D041A6001A1EAB /* Frameworks */,
				28720B6327D041A6001A1EAB /* Resources */,
			);
			buildRules = (
			);
			dependencies = (
			);
			name = GooseRecoder;
			packageProductDependencies = (
				288EC02227D06FD8000171DE /* SnapKit */,
				2823515127D3B3F4002D4803 /* Realm */,
				2823515327D3B3F4002D4803 /* RealmSwift */,
				28710B7C27D46B89009A1D17 /* FSCalendar */,
				2872B8FB27D8D796006CC081 /* ProgressHUD */,
			);
			productName = GooseRecoder;
			productReference = 28720B6527D041A6001A1EAB /* GooseRecoder.app */;
			productType = "com.apple.product-type.application";
		};
/* End PBXNativeTarget section */

/* Begin PBXProject section */
		28720B5D27D041A6001A1EAB /* Project object */ = {
			isa = PBXProject;
			attributes = {
				BuildIndependentTargetsInParallel = 1;
				LastSwiftUpdateCheck = 1320;
				LastUpgradeCheck = 1320;
				TargetAttributes = {
					28720B6427D041A6001A1EAB = {
						CreatedOnToolsVersion = 13.2.1;
					};
				};
			};
			buildConfigurationList = 28720B6027D041A6001A1EAB /* Build configuration list for PBXProject "GooseRecoder" */;
			compatibilityVersion = "Xcode 13.0";
			developmentRegion = en;
			hasScannedForEncodings = 0;
			knownRegions = (
				en,
				Base,
			);
			mainGroup = 28720B5C27D041A6001A1EAB;
			packageReferences = (
				288EC02127D06FD8000171DE /* XCRemoteSwiftPackageReference "SnapKit" */,
				2823515027D3B3F4002D4803 /* XCRemoteSwiftPackageReference "realm-swift" */,
				28710B7B27D46B89009A1D17 /* XCRemoteSwiftPackageReference "FSCalendar" */,
				2872B8FA27D8D796006CC081 /* XCRemoteSwiftPackageReference "ProgressHUD" */,
			);
			productRefGroup = 28720B6627D041A6001A1EAB /* Products */;
			projectDirPath = "";
			projectRoot = "";
			targets = (
				28720B6427D041A6001A1EAB /* GooseRecoder */,
			);
		};
/* End PBXProject section */

/* Begin PBXResourcesBuildPhase section */
		28720B6327D041A6001A1EAB /* Resources */ = {
			isa = PBXResourcesBuildPhase;
			buildActionMask = 2147483647;
			files = (
				28720B7527D041A7001A1EAB /* LaunchScreen.storyboard in Resources */,
				28720B7227D041A7001A1EAB /* Assets.xcassets in Resources */,
				28720B7027D041A6001A1EAB /* Main.storyboard in Resources */,
			);
			runOnlyForDeploymentPostprocessing = 0;
		};
/* End PBXResourcesBuildPhase section */

/* Begin PBXSourcesBuildPhase section */
		28720B6127D041A6001A1EAB /* Sources */ = {
			isa = PBXSourcesBuildPhase;
			buildActionMask = 2147483647;
			files = (
				2872B8F927D8B4B4006CC081 /* SettingTableViewCell.swift in Sources */,
				28710B8727D471B0009A1D17 /* CalendarViewController.swift in Sources */,
				28710B8C27D47453009A1D17 /* CalendarViewController+Extension.swift in Sources */,
				2823514F27D3AB94002D4803 /* DetailViewController.swift in Sources */,
				28710B7827D45E6F009A1D17 /* RecordItem.swift in Sources */,
				288EC02527D07855000171DE /* Record.swift in Sources */,
				28FE9A2027DE104000664DBB /* LocationManager.swift in Sources */,
				28710B7627D45374009A1D17 /* GlobalFunctions.swift in Sources */,
				28710B7A27D46157009A1D17 /* MapMarker.swift in Sources */,
				2872B8EE27D89953006CC081 /* TabbarController.swift in Sources */,
				2872B8F227D8B0FA006CC081 /* Global.swift in Sources */,
				28720B6D27D041A6001A1EAB /* ViewController.swift in Sources */,
				28710B8A27D47263009A1D17 /* Constants.swift in Sources */,
				288EC02027D06FB2000171DE /* MainViewController+Extension.swift in Sources */,
				288EC02927D08634000171DE /* MainTableViewCell.swift in Sources */,
				2872B8F427D8B383006CC081 /* SettingTableViewController+Extension.swift in Sources */,
				28FE9A2227DE1F9100664DBB /* RealmManager.swift in Sources */,
				28710B9027D4BE46009A1D17 /* DetailViewController+Extension.swift in Sources */,
				28720B6927D041A6001A1EAB /* AppDelegate.swift in Sources */,
				288EC01E27D06C83000171DE /* MainViewController.swift in Sources */,
				2872B8F027D89C42006CC081 /* SettingTableViewController.swift in Sources */,
				28720B6B27D041A6001A1EAB /* SceneDelegate.swift in Sources */,
				28720B8827D0421A001A1EAB /* Extension.swift in Sources */,
			);
			runOnlyForDeploymentPostprocessing = 0;
		};
/* End PBXSourcesBuildPhase section */

/* Begin PBXVariantGroup section */
		28720B6E27D041A6001A1EAB /* Main.storyboard */ = {
			isa = PBXVariantGroup;
			children = (
				28720B6F27D041A6001A1EAB /* Base */,
			);
			name = Main.storyboard;
			sourceTree = "<group>";
		};
		28720B7327D041A7001A1EAB /* LaunchScreen.storyboard */ = {
			isa = PBXVariantGroup;
			children = (
				28720B7427D041A7001A1EAB /* Base */,
			);
			name = LaunchScreen.storyboard;
			sourceTree = "<group>";
		};
/* End PBXVariantGroup section */

/* Begin XCBuildConfiguration section */
		28720B7727D041A7001A1EAB /* Debug */ = {
			isa = XCBuildConfiguration;
			buildSettings = {
				ALWAYS_SEARCH_USER_PATHS = NO;
				CLANG_ANALYZER_NONNULL = YES;
				CLANG_ANALYZER_NUMBER_OBJECT_CONVERSION = YES_AGGRESSIVE;
				CLANG_CXX_LANGUAGE_STANDARD = "gnu++17";
				CLANG_CXX_LIBRARY = "libc++";
				CLANG_ENABLE_MODULES = YES;
				CLANG_ENABLE_OBJC_ARC = YES;
				CLANG_ENABLE_OBJC_WEAK = YES;
				CLANG_WARN_BLOCK_CAPTURE_AUTORELEASING = YES;
				CLANG_WARN_BOOL_CONVERSION = YES;
				CLANG_WARN_COMMA = YES;
				CLANG_WARN_CONSTANT_CONVERSION = YES;
				CLANG_WARN_DEPRECATED_OBJC_IMPLEMENTATIONS = YES;
				CLANG_WARN_DIRECT_OBJC_ISA_USAGE = YES_ERROR;
				CLANG_WARN_DOCUMENTATION_COMMENTS = YES;
				CLANG_WARN_EMPTY_BODY = YES;
				CLANG_WARN_ENUM_CONVERSION = YES;
				CLANG_WARN_INFINITE_RECURSION = YES;
				CLANG_WARN_INT_CONVERSION = YES;
				CLANG_WARN_NON_LITERAL_NULL_CONVERSION = YES;
				CLANG_WARN_OBJC_IMPLICIT_RETAIN_SELF = YES;
				CLANG_WARN_OBJC_LITERAL_CONVERSION = YES;
				CLANG_WARN_OBJC_ROOT_CLASS = YES_ERROR;
				CLANG_WARN_QUOTED_INCLUDE_IN_FRAMEWORK_HEADER = YES;
				CLANG_WARN_RANGE_LOOP_ANALYSIS = YES;
				CLANG_WARN_STRICT_PROTOTYPES = YES;
				CLANG_WARN_SUSPICIOUS_MOVE = YES;
				CLANG_WARN_UNGUARDED_AVAILABILITY = YES_AGGRESSIVE;
				CLANG_WARN_UNREACHABLE_CODE = YES;
				CLANG_WARN__DUPLICATE_METHOD_MATCH = YES;
				COPY_PHASE_STRIP = NO;
				DEBUG_INFORMATION_FORMAT = dwarf;
				ENABLE_STRICT_OBJC_MSGSEND = YES;
				ENABLE_TESTABILITY = YES;
				GCC_C_LANGUAGE_STANDARD = gnu11;
				GCC_DYNAMIC_NO_PIC = NO;
				GCC_NO_COMMON_BLOCKS = YES;
				GCC_OPTIMIZATION_LEVEL = 0;
				GCC_PREPROCESSOR_DEFINITIONS = (
					"DEBUG=1",
					"$(inherited)",
				);
				GCC_WARN_64_TO_32_BIT_CONVERSION = YES;
				GCC_WARN_ABOUT_RETURN_TYPE = YES_ERROR;
				GCC_WARN_UNDECLARED_SELECTOR = YES;
				GCC_WARN_UNINITIALIZED_AUTOS = YES_AGGRESSIVE;
				GCC_WARN_UNUSED_FUNCTION = YES;
				GCC_WARN_UNUSED_VARIABLE = YES;
				IPHONEOS_DEPLOYMENT_TARGET = 15.2;
				MTL_ENABLE_DEBUG_INFO = INCLUDE_SOURCE;
				MTL_FAST_MATH = YES;
				ONLY_ACTIVE_ARCH = YES;
				SDKROOT = iphoneos;
				SWIFT_ACTIVE_COMPILATION_CONDITIONS = DEBUG;
				SWIFT_OPTIMIZATION_LEVEL = "-Onone";
			};
			name = Debug;
		};
		28720B7827D041A7001A1EAB /* Release */ = {
			isa = XCBuildConfiguration;
			buildSettings = {
				ALWAYS_SEARCH_USER_PATHS = NO;
				CLANG_ANALYZER_NONNULL = YES;
				CLANG_ANALYZER_NUMBER_OBJECT_CONVERSION = YES_AGGRESSIVE;
				CLANG_CXX_LANGUAGE_STANDARD = "gnu++17";
				CLANG_CXX_LIBRARY = "libc++";
				CLANG_ENABLE_MODULES = YES;
				CLANG_ENABLE_OBJC_ARC = YES;
				CLANG_ENABLE_OBJC_WEAK = YES;
				CLANG_WARN_BLOCK_CAPTURE_AUTORELEASING = YES;
				CLANG_WARN_BOOL_CONVERSION = YES;
				CLANG_WARN_COMMA = YES;
				CLANG_WARN_CONSTANT_CONVERSION = YES;
				CLANG_WARN_DEPRECATED_OBJC_IMPLEMENTATIONS = YES;
				CLANG_WARN_DIRECT_OBJC_ISA_USAGE = YES_ERROR;
				CLANG_WARN_DOCUMENTATION_COMMENTS = YES;
				CLANG_WARN_EMPTY_BODY = YES;
				CLANG_WARN_ENUM_CONVERSION = YES;
				CLANG_WARN_INFINITE_RECURSION = YES;
				CLANG_WARN_INT_CONVERSION = YES;
				CLANG_WARN_NON_LITERAL_NULL_CONVERSION = YES;
				CLANG_WARN_OBJC_IMPLICIT_RETAIN_SELF = YES;
				CLANG_WARN_OBJC_LITERAL_CONVERSION = YES;
				CLANG_WARN_OBJC_ROOT_CLASS = YES_ERROR;
				CLANG_WARN_QUOTED_INCLUDE_IN_FRAMEWORK_HEADER = YES;
				CLANG_WARN_RANGE_LOOP_ANALYSIS = YES;
				CLANG_WARN_STRICT_PROTOTYPES = YES;
				CLANG_WARN_SUSPICIOUS_MOVE = YES;
				CLANG_WARN_UNGUARDED_AVAILABILITY = YES_AGGRESSIVE;
				CLANG_WARN_UNREACHABLE_CODE = YES;
				CLANG_WARN__DUPLICATE_METHOD_MATCH = YES;
				COPY_PHASE_STRIP = NO;
				DEBUG_INFORMATION_FORMAT = "dwarf-with-dsym";
				ENABLE_NS_ASSERTIONS = NO;
				ENABLE_STRICT_OBJC_MSGSEND = YES;
				GCC_C_LANGUAGE_STANDARD = gnu11;
				GCC_NO_COMMON_BLOCKS = YES;
				GCC_WARN_64_TO_32_BIT_CONVERSION = YES;
				GCC_WARN_ABOUT_RETURN_TYPE = YES_ERROR;
				GCC_WARN_UNDECLARED_SELECTOR = YES;
				GCC_WARN_UNINITIALIZED_AUTOS = YES_AGGRESSIVE;
				GCC_WARN_UNUSED_FUNCTION = YES;
				GCC_WARN_UNUSED_VARIABLE = YES;
				IPHONEOS_DEPLOYMENT_TARGET = 15.2;
				MTL_ENABLE_DEBUG_INFO = NO;
				MTL_FAST_MATH = YES;
				SDKROOT = iphoneos;
				SWIFT_COMPILATION_MODE = wholemodule;
				SWIFT_OPTIMIZATION_LEVEL = "-O";
				VALIDATE_PRODUCT = YES;
			};
			name = Release;
		};
		28720B7A27D041A7001A1EAB /* Debug */ = {
			isa = XCBuildConfiguration;
			buildSettings = {
				ASSETCATALOG_COMPILER_APPICON_NAME = AppIcon;
				ASSETCATALOG_COMPILER_GLOBAL_ACCENT_COLOR_NAME = AccentColor;
				CODE_SIGN_IDENTITY = "Apple Development";
				CODE_SIGN_STYLE = Automatic;
				CURRENT_PROJECT_VERSION = 1;
				DEVELOPMENT_TEAM = 5TQSUXNFZV;
				GENERATE_INFOPLIST_FILE = YES;
				INFOPLIST_FILE = GooseRecoder/Info.plist;
				INFOPLIST_KEY_UIApplicationSupportsIndirectInputEvents = YES;
				INFOPLIST_KEY_UILaunchStoryboardName = LaunchScreen;
				INFOPLIST_KEY_UIMainStoryboardFile = Main;
				INFOPLIST_KEY_UISupportedInterfaceOrientations_iPad = "UIInterfaceOrientationPortrait UIInterfaceOrientationPortraitUpsideDown UIInterfaceOrientationLandscapeLeft UIInterfaceOrientationLandscapeRight";
				INFOPLIST_KEY_UISupportedInterfaceOrientations_iPhone = "UIInterfaceOrientationPortrait UIInterfaceOrientationLandscapeLeft UIInterfaceOrientationLandscapeRight";
				LD_RUNPATH_SEARCH_PATHS = (
					"$(inherited)",
					"@executable_path/Frameworks",
				);
				MARKETING_VERSION = 1.0;
				PRODUCT_BUNDLE_IDENTIFIER = com.krwd.GooseRecoder;
				PRODUCT_NAME = "$(TARGET_NAME)";
				PROVISIONING_PROFILE_SPECIFIER = "";
				SWIFT_EMIT_LOC_STRINGS = YES;
				SWIFT_VERSION = 5.0;
				TARGETED_DEVICE_FAMILY = 1;
			};
			name = Debug;
		};
		28720B7B27D041A7001A1EAB /* Release */ = {
			isa = XCBuildConfiguration;
			buildSettings = {
				ASSETCATALOG_COMPILER_APPICON_NAME = AppIcon;
				ASSETCATALOG_COMPILER_GLOBAL_ACCENT_COLOR_NAME = AccentColor;
				CODE_SIGN_IDENTITY = "Apple Development";
				CODE_SIGN_STYLE = Automatic;
				CURRENT_PROJECT_VERSION = 1;
				DEVELOPMENT_TEAM = 5TQSUXNFZV;
				GENERATE_INFOPLIST_FILE = YES;
				INFOPLIST_FILE = GooseRecoder/Info.plist;
				INFOPLIST_KEY_UIApplicationSupportsIndirectInputEvents = YES;
				INFOPLIST_KEY_UILaunchStoryboardName = LaunchScreen;
				INFOPLIST_KEY_UIMainStoryboardFile = Main;
				INFOPLIST_KEY_UISupportedInterfaceOrientations_iPad = "UIInterfaceOrientationPortrait UIInterfaceOrientationPortraitUpsideDown UIInterfaceOrientationLandscapeLeft UIInterfaceOrientationLandscapeRight";
				INFOPLIST_KEY_UISupportedInterfaceOrientations_iPhone = "UIInterfaceOrientationPortrait UIInterfaceOrientationLandscapeLeft UIInterfaceOrientationLandscapeRight";
				LD_RUNPATH_SEARCH_PATHS = (
					"$(inherited)",
					"@executable_path/Frameworks",
				);
				MARKETING_VERSION = 1.0;
				PRODUCT_BUNDLE_IDENTIFIER = com.krwd.GooseRecoder;
				PRODUCT_NAME = "$(TARGET_NAME)";
				PROVISIONING_PROFILE_SPECIFIER = "";
				SWIFT_EMIT_LOC_STRINGS = YES;
				SWIFT_VERSION = 5.0;
				TARGETED_DEVICE_FAMILY = 1;
			};
			name = Release;
		};
/* End XCBuildConfiguration section */

/* Begin XCConfigurationList section */
		28720B6027D041A6001A1EAB /* Build configuration list for PBXProject "GooseRecoder" */ = {
			isa = XCConfigurationList;
			buildConfigurations = (
				28720B7727D041A7001A1EAB /* Debug */,
				28720B7827D041A7001A1EAB /* Release */,
			);
			defaultConfigurationIsVisible = 0;
			defaultConfigurationName = Release;
		};
		28720B7927D041A7001A1EAB /* Build configuration list for PBXNativeTarget "GooseRecoder" */ = {
			isa = XCConfigurationList;
			buildConfigurations = (
				28720B7A27D041A7001A1EAB /* Debug */,
				28720B7B27D041A7001A1EAB /* Release */,
			);
			defaultConfigurationIsVisible = 0;
			defaultConfigurationName = Release;
		};
/* End XCConfigurationList section */

/* Begin XCRemoteSwiftPackageReference section */
		2823515027D3B3F4002D4803 /* XCRemoteSwiftPackageReference "realm-swift" */ = {
			isa = XCRemoteSwiftPackageReference;
			repositoryURL = "https://github.com/realm/realm-swift.git";
			requirement = {
				branch = master;
				kind = branch;
			};
		};
		28710B7B27D46B89009A1D17 /* XCRemoteSwiftPackageReference "FSCalendar" */ = {
			isa = XCRemoteSwiftPackageReference;
			repositoryURL = "https://github.com/WenchaoD/FSCalendar";
			requirement = {
				kind = upToNextMajorVersion;
				minimumVersion = 2.0.0;
			};
		};
		2872B8FA27D8D796006CC081 /* XCRemoteSwiftPackageReference "ProgressHUD" */ = {
			isa = XCRemoteSwiftPackageReference;
			repositoryURL = "https://github.com/relatedcode/ProgressHUD.git";
			requirement = {
				branch = master;
				kind = branch;
			};
		};
		288EC02127D06FD8000171DE /* XCRemoteSwiftPackageReference "SnapKit" */ = {
			isa = XCRemoteSwiftPackageReference;
			repositoryURL = "https://github.com/SnapKit/SnapKit.git";
			requirement = {
				branch = develop;
				kind = branch;
			};
		};
/* End XCRemoteSwiftPackageReference section */

/* Begin XCSwiftPackageProductDependency section */
		2823515127D3B3F4002D4803 /* Realm */ = {
			isa = XCSwiftPackageProductDependency;
			package = 2823515027D3B3F4002D4803 /* XCRemoteSwiftPackageReference "realm-swift" */;
			productName = Realm;
		};
		2823515327D3B3F4002D4803 /* RealmSwift */ = {
			isa = XCSwiftPackageProductDependency;
			package = 2823515027D3B3F4002D4803 /* XCRemoteSwiftPackageReference "realm-swift" */;
			productName = RealmSwift;
		};
		28710B7C27D46B89009A1D17 /* FSCalendar */ = {
			isa = XCSwiftPackageProductDependency;
			package = 28710B7B27D46B89009A1D17 /* XCRemoteSwiftPackageReference "FSCalendar" */;
			productName = FSCalendar;
		};
		2872B8FB27D8D796006CC081 /* ProgressHUD */ = {
			isa = XCSwiftPackageProductDependency;
			package = 2872B8FA27D8D796006CC081 /* XCRemoteSwiftPackageReference "ProgressHUD" */;
			productName = ProgressHUD;
		};
		288EC02227D06FD8000171DE /* SnapKit */ = {
			isa = XCSwiftPackageProductDependency;
			package = 288EC02127D06FD8000171DE /* XCRemoteSwiftPackageReference "SnapKit" */;
			productName = SnapKit;
		};
/* End XCSwiftPackageProductDependency section */
	};
	rootObject = 28720B5D27D041A6001A1EAB /* Project object */;
}
